
Microsoft Visual Studio Solution File, Format Version 12.00
# Visual Studio Version 16
VisualStudioVersion = 16.0.30907.101
MinimumVisualStudioVersion = 10.0.40219.1
Project("{FAE04EC0-301F-11D3-BF4B-00C04F79EFBC}") = "MVC5 Tatil Sehayat", "MVC5 Tatil Sehayat\MVC5 Tatil Sehayat.csproj", "{72F06B98-1A7E-4001-A06C-8434DB91EE34}"
EndProject
Global
	GlobalSection(SolutionConfigurationPlatforms) = preSolution
		Debug|Any CPU = Debug|Any CPU
		Release|Any CPU = Release|Any CPU
	EndGlobalSection
	GlobalSection(ProjectConfigurationPlatforms) = postSolution
		{72F06B98-1A7E-4001-A06C-8434DB91EE34}.Debug|Any CPU.ActiveCfg = Debug|Any CPU
		{72F06B98-1A7E-4001-A06C-8434DB91EE34}.Debug|Any CPU.Build.0 = Debug|Any CPU
		{72F06B98-1A7E-4001-A06C-8434DB91EE34}.Release|Any CPU.ActiveCfg = Release|Any CPU
		{72F06B98-1A7E-4001-A06C-8434DB91EE34}.Release|Any CPU.Build.0 = Release|Any CPU
	EndGlobalSection
	GlobalSection(SolutionProperties) = preSolution
		HideSolutionNode = FALSE
	EndGlobalSection
	GlobalSection(ExtensibilityGlobals) = postSolution
		SolutionGuid = {C804D5C3-F2C0-467E-A854-37E670513AE2}
	EndGlobalSection
EndGlobal
